
Microsoft Visual Studio Solution File, Format Version 12.00
# Visual Studio Version 16
VisualStudioVersion = 16.0.29503.13
MinimumVisualStudioVersion = 10.0.40219.1
Project("{9A19103F-16F7-4668-BE54-9A1E7A4F7556}") = "TestFrame.Core", "TestFrame.Core\TestFrame.Core.csproj", "{F690BBCF-8F4E-497C-A188-3A31DC33BCF9}"
EndProject
Project("{FAE04EC0-301F-11D3-BF4B-00C04F79EFBC}") = "TestFrame.Tests", "TestFrame.Tests\TestFrame.Tests.csproj", "{358F6032-0528-4E32-B75C-65D273F331B6}"
EndProject
Global
	GlobalSection(SolutionConfigurationPlatforms) = preSolution
		Debug|Any CPU = Debug|Any CPU
		Release|Any CPU = Release|Any CPU
	EndGlobalSection
	GlobalSection(ProjectConfigurationPlatforms) = postSolution
		{F690BBCF-8F4E-497C-A188-3A31DC33BCF9}.Debug|Any CPU.ActiveCfg = Debug|Any CPU
		{F690BBCF-8F4E-497C-A188-3A31DC33BCF9}.Debug|Any CPU.Build.0 = Debug|Any CPU
		{F690BBCF-8F4E-497C-A188-3A31DC33BCF9}.Release|Any CPU.ActiveCfg = Release|Any CPU
		{F690BBCF-8F4E-497C-A188-3A31DC33BCF9}.Release|Any CPU.Build.0 = Release|Any CPU
		{358F6032-0528-4E32-B75C-65D273F331B6}.Debug|Any CPU.ActiveCfg = Debug|Any CPU
		{358F6032-0528-4E32-B75C-65D273F331B6}.Debug|Any CPU.Build.0 = Debug|Any CPU
		{358F6032-0528-4E32-B75C-65D273F331B6}.Release|Any CPU.ActiveCfg = Release|Any CPU
		{358F6032-0528-4E32-B75C-65D273F331B6}.Release|Any CPU.Build.0 = Release|Any CPU
	EndGlobalSection
	GlobalSection(SolutionProperties) = preSolution
		HideSolutionNode = FALSE
	EndGlobalSection
	GlobalSection(ExtensibilityGlobals) = postSolution
		SolutionGuid = {027EECD3-428B-4D09-AE3C-10CE7A734EC3}
	EndGlobalSection
EndGlobal
